
Microsoft Visual Studio Solution File, Format Version 12.00
# Visual Studio 2013
VisualStudioVersion = 12.0.30723.0
MinimumVisualStudioVersion = 10.0.40219.1
Project("{FAE04EC0-301F-11D3-BF4B-00C04F79EFBC}") = "LinqToSqlRetry", "LinqToSqlRetry\LinqToSqlRetry.csproj", "{C05470BD-A511-4ABF-A04C-DA10E3CF5D54}"
EndProject
Project("{FAE04EC0-301F-11D3-BF4B-00C04F79EFBC}") = "LinqToSqlRetry.Tests", "LinqToSqlRetry.Tests\LinqToSqlRetry.Tests.csproj", "{623A8210-8022-45D9-AFE5-90A9DEEECA2E}"
EndProject
Global
	GlobalSection(SolutionConfigurationPlatforms) = preSolution
		Debug|Any CPU = Debug|Any CPU
		Release|Any CPU = Release|Any CPU
	EndGlobalSection
	GlobalSection(ProjectConfigurationPlatforms) = postSolution
		{C05470BD-A511-4ABF-A04C-DA10E3CF5D54}.Debug|Any CPU.ActiveCfg = Debug|Any CPU
		{C05470BD-A511-4ABF-A04C-DA10E3CF5D54}.Debug|Any CPU.Build.0 = Debug|Any CPU
		{C05470BD-A511-4ABF-A04C-DA10E3CF5D54}.Release|Any CPU.ActiveCfg = Release|Any CPU
		{C05470BD-A511-4ABF-A04C-DA10E3CF5D54}.Release|Any CPU.Build.0 = Release|Any CPU
		{623A8210-8022-45D9-AFE5-90A9DEEECA2E}.Debug|Any CPU.ActiveCfg = Debug|Any CPU
		{623A8210-8022-45D9-AFE5-90A9DEEECA2E}.Debug|Any CPU.Build.0 = Debug|Any CPU
		{623A8210-8022-45D9-AFE5-90A9DEEECA2E}.Release|Any CPU.ActiveCfg = Release|Any CPU
		{623A8210-8022-45D9-AFE5-90A9DEEECA2E}.Release|Any CPU.Build.0 = Release|Any CPU
	EndGlobalSection
	GlobalSection(SolutionProperties) = preSolution
		HideSolutionNode = FALSE
	EndGlobalSection
EndGlobal
